
Microsoft Visual Studio Solution File, Format Version 12.00
# Visual Studio Version 17
VisualStudioVersion = 17.6.33815.320
MinimumVisualStudioVersion = 10.0.40219.1
Project("{8BC9CEB8-8B4A-11D0-8D11-00A0C91BC942}") = "pxCryptLib", "pxCryptLib\pxCryptLib.vcxproj", "{831C1A6C-1441-4946-A4AD-160EFF54B521}"
EndProject
Project("{8BC9CEB8-8B4A-11D0-8D11-00A0C91BC942}") = "pxCryptDemo", "pxCryptDemo\pxCryptDemo.vcxproj", "{F0428E7E-3B13-4890-85B1-7E41120D7123}"
EndProject
Global
	GlobalSection(SolutionConfigurationPlatforms) = preSolution
		Debug|x64 = Debug|x64
		Debug|x86 = Debug|x86
		Release|x64 = Release|x64
		Release|x86 = Release|x86
	EndGlobalSection
	GlobalSection(ProjectConfigurationPlatforms) = postSolution
		{831C1A6C-1441-4946-A4AD-160EFF54B521}.Debug|x64.ActiveCfg = Debug|x64
		{831C1A6C-1441-4946-A4AD-160EFF54B521}.Debug|x64.Build.0 = Debug|x64
		{831C1A6C-1441-4946-A4AD-160EFF54B521}.Debug|x86.ActiveCfg = Debug|Win32
		{831C1A6C-1441-4946-A4AD-160EFF54B521}.Debug|x86.Build.0 = Debug|Win32
		{831C1A6C-1441-4946-A4AD-160EFF54B521}.Release|x64.ActiveCfg = Release|x64
		{831C1A6C-1441-4946-A4AD-160EFF54B521}.Release|x64.Build.0 = Release|x64
		{831C1A6C-1441-4946-A4AD-160EFF54B521}.Release|x86.ActiveCfg = Release|Win32
		{831C1A6C-1441-4946-A4AD-160EFF54B521}.Release|x86.Build.0 = Release|Win32
		{F0428E7E-3B13-4890-85B1-7E41120D7123}.Debug|x64.ActiveCfg = Debug|x64
		{F0428E7E-3B13-4890-85B1-7E41120D7123}.Debug|x64.Build.0 = Debug|x64
		{F0428E7E-3B13-4890-85B1-7E41120D7123}.Debug|x86.ActiveCfg = Debug|Win32
		{F0428E7E-3B13-4890-85B1-7E41120D7123}.Debug|x86.Build.0 = Debug|Win32
		{F0428E7E-3B13-4890-85B1-7E41120D7123}.Release|x64.ActiveCfg = Release|x64
		{F0428E7E-3B13-4890-85B1-7E41120D7123}.Release|x64.Build.0 = Release|x64
		{F0428E7E-3B13-4890-85B1-7E41120D7123}.Release|x86.ActiveCfg = Release|Win32
		{F0428E7E-3B13-4890-85B1-7E41120D7123}.Release|x86.Build.0 = Release|Win32
	EndGlobalSection
	GlobalSection(SolutionProperties) = preSolution
		HideSolutionNode = FALSE
	EndGlobalSection
	GlobalSection(ExtensibilityGlobals) = postSolution
		SolutionGuid = {683B3BBD-BCA0-414B-898F-4DC1C81D19DC}
	EndGlobalSection
EndGlobal
